// !$*UTF8*$!
{
	archiveVersion = 1;
	classes = {
	};
	objectVersion = 56;
	objects = {

/* Begin PBXBuildFile section */
		49BD515028E3D692007C574E /* MyfirstAppApp.swift in Sources */ = {isa = PBXBuildFile; fileRef = 49BD514F28E3D692007C574E /* MyfirstAppApp.swift */; };
		49BD515228E3D692007C574E /* ContentView.swift in Sources */ = {isa = PBXBuildFile; fileRef = 49BD515128E3D692007C574E /* ContentView.swift */; };
		49BD515428E3D693007C574E /* Assets.xcassets in Resources */ = {isa = PBXBuildFile; fileRef = 49BD515328E3D693007C574E /* Assets.xcassets */; };
		49BD515728E3D693007C574E /* Preview Assets.xcassets in Resources */ = {isa = PBXBuildFile; fileRef = 49BD515628E3D693007C574E /* Preview Assets.xcassets */; };
		49BD516128E3D693007C574E /* MyfirstAppTests.swift in Sources */ = {isa = PBXBuildFile; fileRef = 49BD516028E3D693007C574E /* MyfirstAppTests.swift */; };
		49BD516B28E3D693007C574E /* MyfirstAppUITests.swift in Sources */ = {isa = PBXBuildFile; fileRef = 49BD516A28E3D693007C574E /* MyfirstAppUITests.swift */; };
		49BD516D28E3D693007C574E /* MyfirstAppUITestsLaunchTests.swift in Sources */ = {isa = PBXBuildFile; fileRef = 49BD516C28E3D693007C574E /* MyfirstAppUITestsLaunchTests.swift */; };
		49BD517C28E3DCF5007C574E /* Main.storyboard in Resources */ = {isa = PBXBuildFile; fileRef = 49BD517B28E3DCF5007C574E /* Main.storyboard */; };
/* End PBXBuildFile section */

/* Begin PBXContainerItemProxy section */
		49BD515D28E3D693007C574E /* PBXContainerItemProxy */ = {
			isa = PBXContainerItemProxy;
			containerPortal = 49BD514428E3D692007C574E /* Project object */;
			proxyType = 1;
			remoteGlobalIDString = 49BD514B28E3D692007C574E;
			remoteInfo = MyfirstApp;
		};
		49BD516728E3D693007C574E /* PBXContainerItemProxy */ = {
			isa = PBXContainerItemProxy;
			containerPortal = 49BD514428E3D692007C574E /* Project object */;
			proxyType = 1;
			remoteGlobalIDString = 49BD514B28E3D692007C574E;
			remoteInfo = MyfirstApp;
		};
/* End PBXContainerItemProxy section */

/* Begin PBXFileReference section */
		49BD514C28E3D692007C574E /* MyfirstApp.app */ = {isa = PBXFileReference; explicitFileType = wrapper.application; includeInIndex = 0; path = MyfirstApp.app; sourceTree = BUILT_PRODUCTS_DIR; };
		49BD514F28E3D692007C574E /* MyfirstAppApp.swift */ = {isa = PBXFileReference; lastKnownFileType = sourcecode.swift; path = MyfirstAppApp.swift; sourceTree = "<group>"; };
		49BD515128E3D692007C574E /* ContentView.swift */ = {isa = PBXFileReference; lastKnownFileType = sourcecode.swift; path = ContentView.swift; sourceTree = "<group>"; };
		49BD515328E3D693007C574E /* Assets.xcassets */ = {isa = PBXFileReference; lastKnownFileType = folder.assetcatalog; path = Assets.xcassets; sourceTree = "<group>"; };
		49BD515628E3D693007C574E /* Preview Assets.xcassets */ = {isa = PBXFileReference; lastKnownFileType = folder.assetcatalog; path = "Preview Assets.xcassets"; sourceTree = "<group>"; };
		49BD515C28E3D693007C574E /* MyfirstAppTests.xctest */ = {isa = PBXFileReference; explicitFileType = wrapper.cfbundle; includeInIndex = 0; path = MyfirstAppTests.xctest; sourceTree = BUILT_PRODUCTS_DIR; };
		49BD516028E3D693007C574E /* MyfirstAppTests.swift */ = {isa = PBXFileReference; lastKnownFileType = sourcecode.swift; path = MyfirstAppTests.swift; sourceTree = "<group>"; };
		49BD516628E3D693007C574E /* MyfirstAppUITests.xctest */ = {isa = PBXFileReference; explicitFileType = wrapper.cfbundle; includeInIndex = 0; path = MyfirstAppUITests.xctest; sourceTree = BUILT_PRODUCTS_DIR; };
		49BD516A28E3D693007C574E /* MyfirstAppUITests.swift */ = {isa = PBXFileReference; lastKnownFileType = sourcecode.swift; path = MyfirstAppUITests.swift; sourceTree = "<group>"; };
		49BD516C28E3D693007C574E /* MyfirstAppUITestsLaunchTests.swift */ = {isa = PBXFileReference; lastKnownFileType = sourcecode.swift; path = MyfirstAppUITestsLaunchTests.swift; sourceTree = "<group>"; };
		49BD517B28E3DCF5007C574E /* Main.storyboard */ = {isa = PBXFileReference; lastKnownFileType = file.storyboard; path = Main.storyboard; sourceTree = "<group>"; };
/* End PBXFileReference section */

/* Begin PBXFrameworksBuildPhase section */
		49BD514928E3D692007C574E /* Frameworks */ = {
			isa = PBXFrameworksBuildPhase;
			buildActionMask = 2147483647;
			files = (
			);
			runOnlyForDeploymentPostprocessing = 0;
		};
		49BD515928E3D693007C574E /* Frameworks */ = {
			isa = PBXFrameworksBuildPhase;
			buildActionMask = 2147483647;
			files = (
			);
			runOnlyForDeploymentPostprocessing = 0;
		};
		49BD516328E3D693007C574E /* Frameworks */ = {
			isa = PBXFrameworksBuildPhase;
			buildActionMask = 2147483647;
			files = (
			);
			runOnlyForDeploymentPostprocessing = 0;
		};
/* End PBXFrameworksBuildPhase section */

/* Begin PBXGroup section */
		49BD514328E3D692007C574E = {
			isa = PBXGroup;
			children = (
				49BD514E28E3D692007C574E /* MyfirstApp */,
				49BD515F28E3D693007C574E /* MyfirstAppTests */,
				49BD516928E3D693007C574E /* MyfirstAppUITests */,
				49BD514D28E3D692007C574E /* Products */,
			);
			sourceTree = "<group>";
		};
		49BD514D28E3D692007C574E /* Products */ = {
			isa = PBXGroup;
			children = (
				49BD514C28E3D692007C574E /* MyfirstApp.app */,
				49BD515C28E3D693007C574E /* MyfirstAppTests.xctest */,
				49BD516628E3D693007C574E /* MyfirstAppUITests.xctest */,
			);
			name = Products;
			sourceTree = "<group>";
		};
		49BD514E28E3D692007C574E /* MyfirstApp */ = {
			isa = PBXGroup;
			children = (
				49BD514F28E3D692007C574E /* MyfirstAppApp.swift */,
				49BD515128E3D692007C574E /* ContentView.swift */,
				49BD517B28E3DCF5007C574E /* Main.storyboard */,
				49BD515328E3D693007C574E /* Assets.xcassets */,
				49BD515528E3D693007C574E /* Preview Content */,
			);
			path = MyfirstApp;
			sourceTree = "<group>";
		};
		49BD515528E3D693007C574E /* Preview Content */ = {
			isa = PBXGroup;
			children = (
				49BD515628E3D693007C574E /* Preview Assets.xcassets */,
			);
			path = "Preview Content";
			sourceTree = "<group>";
		};
		49BD515F28E3D693007C574E /* MyfirstAppTests */ = {
			isa = PBXGroup;
			children = (
				49BD516028E3D693007C574E /* MyfirstAppTests.swift */,
			);
			path = MyfirstAppTests;
			sourceTree = "<group>";
		};
		49BD516928E3D693007C574E /* MyfirstAppUITests */ = {
			isa = PBXGroup;
			children = (
				49BD516A28E3D693007C574E /* MyfirstAppUITests.swift */,
				49BD516C28E3D693007C574E /* MyfirstAppUITestsLaunchTests.swift */,
			);
			path = MyfirstAppUITests;
			sourceTree = "<group>";
		};
/* End PBXGroup section */

/* Begin PBXNativeTarget section */
		49BD514B28E3D692007C574E /* MyfirstApp */ = {
			isa = PBXNativeTarget;
			buildConfigurationList = 49BD517028E3D693007C574E /* Build configuration list for PBXNativeTarget "MyfirstApp" */;
			buildPhases = (
				49BD514828E3D692007C574E /* Sources */,
				49BD514928E3D692007C574E /* Frameworks */,
				49BD514A28E3D692007C574E /* Resources */,
			);
			buildRules = (
			);
			dependencies = (
			);
			name = MyfirstApp;
			productName = MyfirstApp;
			productReference = 49BD514C28E3D692007C574E /* MyfirstApp.app */;
			productType = "com.apple.product-type.application";
		};
		49BD515B28E3D693007C574E /* MyfirstAppTests */ = {
			isa = PBXNativeTarget;
			buildConfigurationList = 49BD517328E3D693007C574E /* Build configuration list for PBXNativeTarget "MyfirstAppTests" */;
			buildPhases = (
				49BD515828E3D693007C574E /* Sources */,
				49BD515928E3D693007C574E /* Frameworks */,
				49BD515A28E3D693007C574E /* Resources */,
			);
			buildRules = (
			);
			dependencies = (
				49BD515E28E3D693007C574E /* PBXTargetDependency */,
			);
			name = MyfirstAppTests;
			productName = MyfirstAppTests;
			productReference = 49BD515C28E3D693007C574E /* MyfirstAppTests.xctest */;
			productType = "com.apple.product-type.bundle.unit-test";
		};
		49BD516528E3D693007C574E /* MyfirstAppUITests */ = {
			isa = PBXNativeTarget;
			buildConfigurationList = 49BD517628E3D693007C574E /* Build configuration list for PBXNativeTarget "MyfirstAppUITests" */;
			buildPhases = (
				49BD516228E3D693007C574E /* Sources */,
				49BD516328E3D693007C574E /* Frameworks */,
				49BD516428E3D693007C574E /* Resources */,
			);
			buildRules = (
			);
			dependencies = (
				49BD516828E3D693007C574E /* PBXTargetDependency */,
			);
			name = MyfirstAppUITests;
			productName = MyfirstAppUITests;
			productReference = 49BD516628E3D693007C574E /* MyfirstAppUITests.xctest */;
			productType = "com.apple.product-type.bundle.ui-testing";
		};
/* End PBXNativeTarget section */

/* Begin PBXProject section */
		49BD514428E3D692007C574E /* Project object */ = {
			isa = PBXProject;
			attributes = {
				BuildIndependentTargetsInParallel = 1;
				LastSwiftUpdateCheck = 1400;
				LastUpgradeCheck = 1400;
				TargetAttributes = {
					49BD514B28E3D692007C574E = {
						CreatedOnToolsVersion = 14.0;
					};
					49BD515B28E3D693007C574E = {
						CreatedOnToolsVersion = 14.0;
						TestTargetID = 49BD514B28E3D692007C574E;
					};
					49BD516528E3D693007C574E = {
						CreatedOnToolsVersion = 14.0;
						TestTargetID = 49BD514B28E3D692007C574E;
					};
				};
			};
			buildConfigurationList = 49BD514728E3D692007C574E /* Build configuration list for PBXProject "MyfirstApp" */;
			compatibilityVersion = "Xcode 14.0";
			developmentRegion = en;
			hasScannedForEncodings = 0;
			knownRegions = (
				en,
				Base,
			);
			mainGroup = 49BD514328E3D692007C574E;
			productRefGroup = 49BD514D28E3D692007C574E /* Products */;
			projectDirPath = "";
			projectRoot = "";
			targets = (
				49BD514B28E3D692007C574E /* MyfirstApp */,
				49BD515B28E3D693007C574E /* MyfirstAppTests */,
				49BD516528E3D693007C574E /* MyfirstAppUITests */,
			);
		};
/* End PBXProject section */

/* Begin PBXResourcesBuildPhase section */
		49BD514A28E3D692007C574E /* Resources */ = {
			isa = PBXResourcesBuildPhase;
			buildActionMask = 2147483647;
			files = (
				49BD517C28E3DCF5007C574E /* Main.storyboard in Resources */,
				49BD515728E3D693007C574E /* Preview Assets.xcassets in Resources */,
				49BD515428E3D693007C574E /* Assets.xcassets in Resources */,
			);
			runOnlyForDeploymentPostprocessing = 0;
		};
		49BD515A28E3D693007C574E /* Resources */ = {
			isa = PBXResourcesBuildPhase;
			buildActionMask = 2147483647;
			files = (
			);
			runOnlyForDeploymentPostprocessing = 0;
		};
		49BD516428E3D693007C574E /* Resources */ = {
			isa = PBXResourcesBuildPhase;
			buildActionMask = 2147483647;
			files = (
			);
			runOnlyForDeploymentPostprocessing = 0;
		};
/* End PBXResourcesBuildPhase section */

/* Begin PBXSourcesBuildPhase section */
		49BD514828E3D692007C574E /* Sources */ = {
			isa = PBXSourcesBuildPhase;
			buildActionMask = 2147483647;
			files = (
				49BD515228E3D692007C574E /* ContentView.swift in Sources */,
				49BD515028E3D692007C574E /* MyfirstAppApp.swift in Sources */,
			);
			runOnlyForDeploymentPostprocessing = 0;
		};
		49BD515828E3D693007C574E /* Sources */ = {
			isa = PBXSourcesBuildPhase;
			buildActionMask = 2147483647;
			files = (
				49BD516128E3D693007C574E /* MyfirstAppTests.swift in Sources */,
			);
			runOnlyForDeploymentPostprocessing = 0;
		};
		49BD516228E3D693007C574E /* Sources */ = {
			isa = PBXSourcesBuildPhase;
			buildActionMask = 2147483647;
			files = (
				49BD516B28E3D693007C574E /* MyfirstAppUITests.swift in Sources */,
				49BD516D28E3D693007C574E /* MyfirstAppUITestsLaunchTests.swift in Sources */,
			);
			runOnlyForDeploymentPostprocessing = 0;
		};
/* End PBXSourcesBuildPhase section */

/* Begin PBXTargetDependency section */
		49BD515E28E3D693007C574E /* PBXTargetDependency */ = {
			isa = PBXTargetDependency;
			target = 49BD514B28E3D692007C574E /* MyfirstApp */;
			targetProxy = 49BD515D28E3D693007C574E /* PBXContainerItemProxy */;
		};
		49BD516828E3D693007C574E /* PBXTargetDependency */ = {
			isa = PBXTargetDependency;
			target = 49BD514B28E3D692007C574E /* MyfirstApp */;
			targetProxy = 49BD516728E3D693007C574E /* PBXContainerItemProxy */;
		};
/* End PBXTargetDependency section */

/* Begin XCBuildConfiguration section */
		49BD516E28E3D693007C574E /* Debug */ = {
			isa = XCBuildConfiguration;
			buildSettings = {
				ALWAYS_SEARCH_USER_PATHS = NO;
				CLANG_ANALYZER_NONNULL = YES;
				CLANG_ANALYZER_NUMBER_OBJECT_CONVERSION = YES_AGGRESSIVE;
				CLANG_CXX_LANGUAGE_STANDARD = "gnu++20";
				CLANG_ENABLE_MODULES = YES;
				CLANG_ENABLE_OBJC_ARC = YES;
				CLANG_ENABLE_OBJC_WEAK = YES;
				CLANG_WARN_BLOCK_CAPTURE_AUTORELEASING = YES;
				CLANG_WARN_BOOL_CONVERSION = YES;
				CLANG_WARN_COMMA = YES;
				CLANG_WARN_CONSTANT_CONVERSION = YES;
				CLANG_WARN_DEPRECATED_OBJC_IMPLEMENTATIONS = YES;
				CLANG_WARN_DIRECT_OBJC_ISA_USAGE = YES_ERROR;
				CLANG_WARN_DOCUMENTATION_COMMENTS = YES;
				CLANG_WARN_EMPTY_BODY = YES;
				CLANG_WARN_ENUM_CONVERSION = YES;
				CLANG_WARN_INFINITE_RECURSION = YES;
				CLANG_WARN_INT_CONVERSION = YES;
				CLANG_WARN_NON_LITERAL_NULL_CONVERSION = YES;
				CLANG_WARN_OBJC_IMPLICIT_RETAIN_SELF = YES;
				CLANG_WARN_OBJC_LITERAL_CONVERSION = YES;
				CLANG_WARN_OBJC_ROOT_CLASS = YES_ERROR;
				CLANG_WARN_QUOTED_INCLUDE_IN_FRAMEWORK_HEADER = YES;
				CLANG_WARN_RANGE_LOOP_ANALYSIS = YES;
				CLANG_WARN_STRICT_PROTOTYPES = YES;
				CLANG_WARN_SUSPICIOUS_MOVE = YES;
				CLANG_WARN_UNGUARDED_AVAILABILITY = YES_AGGRESSIVE;
				CLANG_WARN_UNREACHABLE_CODE = YES;
				CLANG_WARN__DUPLICATE_METHOD_MATCH = YES;
				COPY_PHASE_STRIP = NO;
				DEBUG_INFORMATION_FORMAT = dwarf;
				ENABLE_STRICT_OBJC_MSGSEND = YES;
				ENABLE_TESTABILITY = YES;
				GCC_C_LANGUAGE_STANDARD = gnu11;
				GCC_DYNAMIC_NO_PIC = NO;
				GCC_NO_COMMON_BLOCKS = YES;
				GCC_OPTIMIZATION_LEVEL = 0;
				GCC_PREPROCESSOR_DEFINITIONS = (
					"DEBUG=1",
					"$(inherited)",
				);
				GCC_WARN_64_TO_32_BIT_CONVERSION = YES;
				GCC_WARN_ABOUT_RETURN_TYPE = YES_ERROR;
				GCC_WARN_UNDECLARED_SELECTOR = YES;
				GCC_WARN_UNINITIALIZED_AUTOS = YES_AGGRESSIVE;
				GCC_WARN_UNUSED_FUNCTION = YES;
				GCC_WARN_UNUSED_VARIABLE = YES;
				IPHONEOS_DEPLOYMENT_TARGET = 16.0;
				MTL_ENABLE_DEBUG_INFO = INCLUDE_SOURCE;
				MTL_FAST_MATH = YES;
				ONLY_ACTIVE_ARCH = YES;
				SDKROOT = iphoneos;
				SWIFT_ACTIVE_COMPILATION_CONDITIONS = DEBUG;
				SWIFT_OPTIMIZATION_LEVEL = "-Onone";
			};
			name = Debug;
		};
		49BD516F28E3D693007C574E /* Release */ = {
			isa = XCBuildConfiguration;
			buildSettings = {
				ALWAYS_SEARCH_USER_PATHS = NO;
				CLANG_ANALYZER_NONNULL = YES;
				CLANG_ANALYZER_NUMBER_OBJECT_CONVERSION = YES_AGGRESSIVE;
				CLANG_CXX_LANGUAGE_STANDARD = "gnu++20";
				CLANG_ENABLE_MODULES = YES;
				CLANG_ENABLE_OBJC_ARC = YES;
				CLANG_ENABLE_OBJC_WEAK = YES;
				CLANG_WARN_BLOCK_CAPTURE_AUTORELEASING = YES;
				CLANG_WARN_BOOL_CONVERSION = YES;
				CLANG_WARN_COMMA = YES;
				CLANG_WARN_CONSTANT_CONVERSION = YES;
				CLANG_WARN_DEPRECATED_OBJC_IMPLEMENTATIONS = YES;
				CLANG_WARN_DIRECT_OBJC_ISA_USAGE = YES_ERROR;
				CLANG_WARN_DOCUMENTATION_COMMENTS = YES;
				CLANG_WARN_EMPTY_BODY = YES;
				CLANG_WARN_ENUM_CONVERSION = YES;
				CLANG_WARN_INFINITE_RECURSION = YES;
				CLANG_WARN_INT_CONVERSION = YES;
				CLANG_WARN_NON_LITERAL_NULL_CONVERSION = YES;
				CLANG_WARN_OBJC_IMPLICIT_RETAIN_SELF = YES;
				CLANG_WARN_OBJC_LITERAL_CONVERSION = YES;
				CLANG_WARN_OBJC_ROOT_CLASS = YES_ERROR;
				CLANG_WARN_QUOTED_INCLUDE_IN_FRAMEWORK_HEADER = YES;
				CLANG_WARN_RANGE_LOOP_ANALYSIS = YES;
				CLANG_WARN_STRICT_PROTOTYPES = YES;
				CLANG_WARN_SUSPICIOUS_MOVE = YES;
				CLANG_WARN_UNGUARDED_AVAILABILITY = YES_AGGRESSIVE;
				CLANG_WARN_UNREACHABLE_CODE = YES;
				CLANG_WARN__DUPLICATE_METHOD_MATCH = YES;
				COPY_PHASE_STRIP = NO;
				DEBUG_INFORMATION_FORMAT = "dwarf-with-dsym";
				ENABLE_NS_ASSERTIONS = NO;
				ENABLE_STRICT_OBJC_MSGSEND = YES;
				GCC_C_LANGUAGE_STANDARD = gnu11;
				GCC_NO_COMMON_BLOCKS = YES;
				GCC_WARN_64_TO_32_BIT_CONVERSION = YES;
				GCC_WARN_ABOUT_RETURN_TYPE = YES_ERROR;
				GCC_WARN_UNDECLARED_SELECTOR = YES;
				GCC_WARN_UNINITIALIZED_AUTOS = YES_AGGRESSIVE;
				GCC_WARN_UNUSED_FUNCTION = YES;
				GCC_WARN_UNUSED_VARIABLE = YES;
				IPHONEOS_DEPLOYMENT_TARGET = 16.0;
				MTL_ENABLE_DEBUG_INFO = NO;
				MTL_FAST_MATH = YES;
				SDKROOT = iphoneos;
				SWIFT_COMPILATION_MODE = wholemodule;
				SWIFT_OPTIMIZATION_LEVEL = "-O";
				VALIDATE_PRODUCT = YES;
			};
			name = Release;
		};
		49BD517128E3D693007C574E /* Debug */ = {
			isa = XCBuildConfiguration;
			buildSettings = {
				ASSETCATALOG_COMPILER_APPICON_NAME = AppIcon;
				ASSETCATALOG_COMPILER_GLOBAL_ACCENT_COLOR_NAME = AccentColor;
				CODE_SIGN_STYLE = Automatic;
				CURRENT_PROJECT_VERSION = 1;
				DEVELOPMENT_ASSET_PATHS = "\"MyfirstApp/Preview Content\"";
				DEVELOPMENT_TEAM = QD95UL8X2X;
				ENABLE_PREVIEWS = YES;
				GENERATE_INFOPLIST_FILE = YES;
				INFOPLIST_KEY_UIApplicationSceneManifest_Generation = YES;
				INFOPLIST_KEY_UIApplicationSupportsIndirectInputEvents = YES;
				INFOPLIST_KEY_UILaunchScreen_Generation = YES;
				INFOPLIST_KEY_UISupportedInterfaceOrientations_iPad = "UIInterfaceOrientationPortrait UIInterfaceOrientationPortraitUpsideDown UIInterfaceOrientationLandscapeLeft UIInterfaceOrientationLandscapeRight";
				INFOPLIST_KEY_UISupportedInterfaceOrientations_iPhone = "UIInterfaceOrientationPortrait UIInterfaceOrientationLandscapeLeft UIInterfaceOrientationLandscapeRight";
				LD_RUNPATH_SEARCH_PATHS = (
					"$(inherited)",
					"@executable_path/Frameworks",
				);
				MARKETING_VERSION = 1.0;
				PRODUCT_BUNDLE_IDENTIFIER = kr.artistravel.MyfirstApp;
				PRODUCT_NAME = "$(TARGET_NAME)";
				SWIFT_EMIT_LOC_STRINGS = YES;
				SWIFT_VERSION = 5.0;
				TARGETED_DEVICE_FAMILY = "1,2";
			};
			name = Debug;
		};
		49BD517228E3D693007C574E /* Release */ = {
			isa = XCBuildConfiguration;
			buildSettings = {
				ASSETCATALOG_COMPILER_APPICON_NAME = AppIcon;
				ASSETCATALOG_COMPILER_GLOBAL_ACCENT_COLOR_NAME = AccentColor;
				CODE_SIGN_STYLE = Automatic;
				CURRENT_PROJECT_VERSION = 1;
				DEVELOPMENT_ASSET_PATHS = "\"MyfirstApp/Preview Content\"";
				DEVELOPMENT_TEAM = QD95UL8X2X;
				ENABLE_PREVIEWS = YES;
				GENERATE_INFOPLIST_FILE = YES;
				INFOPLIST_KEY_UIApplicationSceneManifest_Generation = YES;
				INFOPLIST_KEY_UIApplicationSupportsIndirectInputEvents = YES;
				INFOPLIST_KEY_UILaunchScreen_Generation = YES;
				INFOPLIST_KEY_UISupportedInterfaceOrientations_iPad = "UIInterfaceOrientationPortrait UIInterfaceOrientationPortraitUpsideDown UIInterfaceOrientationLandscapeLeft UIInterfaceOrientationLandscapeRight";
				INFOPLIST_KEY_UISupportedInterfaceOrientations_iPhone = "UIInterfaceOrientationPortrait UIInterfaceOrientationLandscapeLeft UIInterfaceOrientationLandscapeRight";
				LD_RUNPATH_SEARCH_PATHS = (
					"$(inherited)",
					"@executable_path/Frameworks",
				);
				MARKETING_VERSION = 1.0;
				PRODUCT_BUNDLE_IDENTIFIER = kr.artistravel.MyfirstApp;
				PRODUCT_NAME = "$(TARGET_NAME)";
				SWIFT_EMIT_LOC_STRINGS = YES;
				SWIFT_VERSION = 5.0;
				TARGETED_DEVICE_FAMILY = "1,2";
			};
			name = Release;
		};
		49BD517428E3D693007C574E /* Debug */ = {
			isa = XCBuildConfiguration;
			buildSettings = {
				ALWAYS_EMBED_SWIFT_STANDARD_LIBRARIES = YES;
				BUNDLE_LOADER = "$(TEST_HOST)";
				CODE_SIGN_STYLE = Automatic;
				CURRENT_PROJECT_VERSION = 1;
				DEVELOPMENT_TEAM = QD95UL8X2X;
				GENERATE_INFOPLIST_FILE = YES;
				IPHONEOS_DEPLOYMENT_TARGET = 16.0;
				MARKETING_VERSION = 1.0;
				PRODUCT_BUNDLE_IDENTIFIER = kr.artistravel.MyfirstAppTests;
				PRODUCT_NAME = "$(TARGET_NAME)";
				SWIFT_EMIT_LOC_STRINGS = NO;
				SWIFT_VERSION = 5.0;
				TARGETED_DEVICE_FAMILY = "1,2";
				TEST_HOST = "$(BUILT_PRODUCTS_DIR)/MyfirstApp.app/$(BUNDLE_EXECUTABLE_FOLDER_PATH)/MyfirstApp";
			};
			name = Debug;
		};
		49BD517528E3D693007C574E /* Release */ = {
			isa = XCBuildConfiguration;
			buildSettings = {
				ALWAYS_EMBED_SWIFT_STANDARD_LIBRARIES = YES;
				BUNDLE_LOADER = "$(TEST_HOST)";
				CODE_SIGN_STYLE = Automatic;
				CURRENT_PROJECT_VERSION = 1;
				DEVELOPMENT_TEAM = QD95UL8X2X;
				GENERATE_INFOPLIST_FILE = YES;
				IPHONEOS_DEPLOYMENT_TARGET = 16.0;
				MARKETING_VERSION = 1.0;
				PRODUCT_BUNDLE_IDENTIFIER = kr.artistravel.MyfirstAppTests;
				PRODUCT_NAME = "$(TARGET_NAME)";
				SWIFT_EMIT_LOC_STRINGS = NO;
				SWIFT_VERSION = 5.0;
				TARGETED_DEVICE_FAMILY = "1,2";
				TEST_HOST = "$(BUILT_PRODUCTS_DIR)/MyfirstApp.app/$(BUNDLE_EXECUTABLE_FOLDER_PATH)/MyfirstApp";
			};
			name = Release;
		};
		49BD517728E3D693007C574E /* Debug */ = {
			isa = XCBuildConfiguration;
			buildSettings = {
				ALWAYS_EMBED_SWIFT_STANDARD_LIBRARIES = YES;
				CODE_SIGN_STYLE = Automatic;
				CURRENT_PROJECT_VERSION = 1;
				DEVELOPMENT_TEAM = QD95UL8X2X;
				GENERATE_INFOPLIST_FILE = YES;
				MARKETING_VERSION = 1.0;
				PRODUCT_BUNDLE_IDENTIFIER = kr.artistravel.MyfirstAppUITests;
				PRODUCT_NAME = "$(TARGET_NAME)";
				SWIFT_EMIT_LOC_STRINGS = NO;
				SWIFT_VERSION = 5.0;
				TARGETED_DEVICE_FAMILY = "1,2";
				TEST_TARGET_NAME = MyfirstApp;
			};
			name = Debug;
		};
		49BD517828E3D693007C574E /* Release */ = {
			isa = XCBuildConfiguration;
			buildSettings = {
				ALWAYS_EMBED_SWIFT_STANDARD_LIBRARIES = YES;
				CODE_SIGN_STYLE = Automatic;
				CURRENT_PROJECT_VERSION = 1;
				DEVELOPMENT_TEAM = QD95UL8X2X;
				GENERATE_INFOPLIST_FILE = YES;
				MARKETING_VERSION = 1.0;
				PRODUCT_BUNDLE_IDENTIFIER = kr.artistravel.MyfirstAppUITests;
				PRODUCT_NAME = "$(TARGET_NAME)";
				SWIFT_EMIT_LOC_STRINGS = NO;
				SWIFT_VERSION = 5.0;
				TARGETED_DEVICE_FAMILY = "1,2";
				TEST_TARGET_NAME = MyfirstApp;
			};
			name = Release;
		};
/* End XCBuildConfiguration section */

/* Begin XCConfigurationList section */
		49BD514728E3D692007C574E /* Build configuration list for PBXProject "MyfirstApp" */ = {
			isa = XCConfigurationList;
			buildConfigurations = (
				49BD516E28E3D693007C574E /* Debug */,
				49BD516F28E3D693007C574E /* Release */,
			);
			defaultConfigurationIsVisible = 0;
			defaultConfigurationName = Release;
		};
		49BD517028E3D693007C574E /* Build configuration list for PBXNativeTarget "MyfirstApp" */ = {
			isa = XCConfigurationList;
			buildConfigurations = (
				49BD517128E3D693007C574E /* Debug */,
				49BD517228E3D693007C574E /* Release */,
			);
			defaultConfigurationIsVisible = 0;
			defaultConfigurationName = Release;
		};
		49BD517328E3D693007C574E /* Build configuration list for PBXNativeTarget "MyfirstAppTests" */ = {
			isa = XCConfigurationList;
			buildConfigurations = (
				49BD517428E3D693007C574E /* Debug */,
				49BD517528E3D693007C574E /* Release */,
			);
			defaultConfigurationIsVisible = 0;
			defaultConfigurationName = Release;
		};
		49BD517628E3D693007C574E /* Build configuration list for PBXNativeTarget "MyfirstAppUITests" */ = {
			isa = XCConfigurationList;
			buildConfigurations = (
				49BD517728E3D693007C574E /* Debug */,
				49BD517828E3D693007C574E /* Release */,
			);
			defaultConfigurationIsVisible = 0;
			defaultConfigurationName = Release;
		};
/* End XCConfigurationList section */
	};
	rootObject = 49BD514428E3D692007C574E /* Project object */;
}
